{"1.1.0",
[{<<"basho_stats">>,
  {git,"git://github.com/basho/basho_stats.git",
       {ref,"176dee0537b5b3aff57646a7379d435ad990488e"}},
  2},
 {<<"bear">>,{pkg,<<"bear">>,<<"0.8.7">>},4},
 {<<"bitcask">>,
  {git,"git://github.com/basho/bitcask.git",
       {ref,"fa6e5166de683a351ca63f97b6a08c9b815affab"}},
  0},
 {<<"eleveldb">>,
  {git,"git://github.com/basho/eleveldb.git",
       {ref,"db361b1a8387262e715b27fbdd9353f00a07302c"}},
  2},
 {<<"clique">>,{pkg,<<"clique">>,<<"0.3.12">>},2},
 {<<"cuttlefish">>,{pkg,<<"cuttlefish">>,<<"2.1.4">>},3},
 {<<"eper">>,
  {git,"git://github.com/massemanet/eper.git",
       {ref,"17b0f97ea8287b72e8ebbe7132214db182ff1a1d"}},
  0},
 {<<"eunit_formatters">>,
  {git,"git://github.com/seancribbs/eunit_formatters",
       {ref,"473e0cd89bf5608e97886a3bdf9047a16edc88f0"}},
  0},
 {<<"exometer_core">>,{pkg,<<"exometer_core">>,<<"1.5.2">>},2},
 {<<"folsom">>,{pkg,<<"folsom">>,<<"0.8.7">>},3},
 {<<"gen_fsm_compat">>,{pkg,<<"gen_fsm_compat">>,<<"0.3.0">>},0},
 {<<"getopt">>,{pkg,<<"getopt">>,<<"1.0.1">>},4},
 {<<"goldrush">>,{pkg,<<"goldrush">>,<<"0.1.9">>},3},
 {<<"hut">>,{pkg,<<"hut">>,<<"1.2.1">>},3},
 {<<"hyper">>,
  {git,"git://github.com/basho/hyper",
       {ref,"dc9f8754b8fb0961c2e0cccf7ac2c49c46828487"}},
  0},
 {<<"lager">>,
  {git,"git://github.com/erlang-lager/lager.git",
       {ref,"6cc6b125ad55835748cd847f03314698ae439aea"}},
  2},
 {<<"mochiweb">>,
  {git,"git://github.com/mochi/mochiweb.git",
       {ref,"23dc11959affd9b0849c2ac0ff4200c1c82aa80c"}},
  1},
 {<<"parse_trans">>,{pkg,<<"parse_trans">>,<<"3.0.0">>},3},
 {<<"pbkdf2">>,
  {git,"git://github.com/basho/erlang-pbkdf2.git",
       {ref,"34b5f716fa3ec89ede36d009f7cc8c47bd019dd7"}},
  2},
 {<<"poolboy">>,
  {git,"git://github.com/devinus/poolboy.git",
       {ref,"d378f996182daa6251ad5438cee4d3f6eb7ea50f"}},
  2},
 {<<"riak_api">>,
  {git,"git://github.com/basho/riak_api.git",
       {ref,"ed78d1b1bf19b72b29e11ba337ed04e8d797ac31"}},
  0},
 {<<"riak_core">>,
  {git,"git://github.com/basho/riak_core.git",
       {ref,"5a328fc28f58686c33ff9af438b1c53ac686315b"}},
  1},
 {<<"riak_dt">>,
  {git,"git://github.com/basho/riak_dt.git",
       {ref,"96c718d787afaaaad239d22b1685131412b02085"}},
  0},
 {<<"riak_ensemble">>,
  {git,"https://github.com/basho/riak_ensemble",
       {ref,"277eb48dca59475b639a01d86fd0c550cae4da55"}},
  2},
 {<<"riak_pb">>,
  {git,"git://github.com/basho/riak_pb.git",
       {ref,"bf5449e1f660c83041c73387b4a090e8b92da6c1"}},
  1},
 {<<"riak_pipe">>,
  {git,"git://github.com/basho/riak_pipe.git",
       {ref,"b8111a7b0bfe3eb2c140e09c076cd21e7484c685"}},
  0},
 {<<"riak_sysmon">>,{pkg,<<"riak_sysmon">>,<<"2.1.7">>},2},
 {<<"setup">>,{pkg,<<"setup">>,<<"1.8.4">>},3},
 {<<"sext">>,
  {git,"git://github.com/uwiger/sext.git",
       {ref,"615eebcf975ec4b4561c6f2b2bc433dabdb2be0f"}},
  0},
 {<<"sidejob">>,
  {git,"git://github.com/basho/sidejob.git",
       {ref,"5974fd19eeb08013af297e6320e7f8c7d8818ddf"}},
  0},
 {<<"webmachine">>,
  {git,"git://github.com/webmachine/webmachine.git",
       {ref,"f2f48e402ca6e8347485d4412415a69e92edf8e6"}},
  1}]}.
[
{pkg_hash,[
 {<<"bear">>, <<"16264309AE5D005D03718A5C82641FCC259C9E8F09ADEB6FD79CA4271168656F">>},
 {<<"clique">>, <<"3D8D5CA3C60787AD13562BEA18D34149BA8915AD08214EDE91D50657198B4DC3">>},
 {<<"cuttlefish">>, <<"1DFF2DA7BBB67B4EF887CDA643FB112231EA08706220D34C38CB8FE25EED7F6E">>},
 {<<"exometer_core">>, <<"62A99A361BA8A14D53857D4C716A191E810299D2F43C5C981EB7B086C0BFCCE1">>},
 {<<"folsom">>, <<"A885F0AEEE4C84270954C88A55A5A473D6B2C7493E32FFDC5765412DD555A951">>},
 {<<"gen_fsm_compat">>, <<"5903549F67D595F58A7101154CBE0FDD46955FBFBE40813F1E53C23A970FF5F4">>},
 {<<"getopt">>, <<"C73A9FA687B217F2FF79F68A3B637711BB1936E712B521D8CE466B29CBF7808A">>},
 {<<"goldrush">>, <<"F06E5D5F1277DA5C413E84D5A2924174182FB108DABB39D5EC548B27424CD106">>},
 {<<"hut">>, <<"08D46679523043424870723923971889E8A34D63B2F946A35B46CF921D1236E7">>},
 {<<"parse_trans">>, <<"9E96B1C9C3A0DF54E7B76F8F685D38BFA1EB21B31E042B1D1A5A70258E4DB1E3">>},
 {<<"riak_sysmon">>, <<"AF420DF0F7569E1F12BCD465745164CB6189EB93F118D5CDB3F90FEB3F8BF47D">>},
 {<<"setup">>, <<"738DB0685DC1741F45C6A9BF78478E0D5877F3D0876C0B50FD02F0210EDB5AA4">>}]}
].
